
Microsoft Visual Studio Solution File, Format Version 12.00
# Visual Studio Version 18
VisualStudioVersion = 18.8.12009.203
MinimumVisualStudioVersion = 10.0.40219.1
Project("{FAE04EC0-301F-11D3-BF4B-00C04F79EFBC}") = "Fluxion", "Fluxion.csproj", "{46714FDB-CCEA-4291-9CEC-CF6321B84B4B}"
EndProject
Project("{2150E333-8FDC-42A3-9474-1A3956D46DE8}") = "Diagrams", "Diagrams", "{716518E8-8B53-483B-825F-95F95BB85B17}"
	ProjectSection(SolutionItems) = preProject
		Diagram2.codartis = Diagram2.codartis
	EndProjectSection
EndProject
Project("{FAE04EC0-301F-11D3-BF4B-00C04F79EFBC}") = "Desktop", "Desktop\Desktop.csproj", "{C10A409E-CD3D-41ED-886D-957C2E784EDB}"
EndProject
Global
	GlobalSection(SolutionConfigurationPlatforms) = preSolution
		Debug|Any CPU = Debug|Any CPU
		Debug|x64 = Debug|x64
		Debug|x86 = Debug|x86
		Release|Any CPU = Release|Any CPU
		Release|x64 = Release|x64
		Release|x86 = Release|x86
	EndGlobalSection
	GlobalSection(ProjectConfigurationPlatforms) = postSolution
		{46714FDB-CCEA-4291-9CEC-CF6321B84B4B}.Debug|Any CPU.ActiveCfg = Debug|Any CPU
		{46714FDB-CCEA-4291-9CEC-CF6321B84B4B}.Debug|Any CPU.Build.0 = Debug|Any CPU
		{46714FDB-CCEA-4291-9CEC-CF6321B84B4B}.Debug|x64.ActiveCfg = Debug|Any CPU
		{46714FDB-CCEA-4291-9CEC-CF6321B84B4B}.Debug|x64.Build.0 = Debug|Any CPU
		{46714FDB-CCEA-4291-9CEC-CF6321B84B4B}.Debug|x86.ActiveCfg = Debug|Any CPU
		{46714FDB-CCEA-4291-9CEC-CF6321B84B4B}.Debug|x86.Build.0 = Debug|Any CPU
		{46714FDB-CCEA-4291-9CEC-CF6321B84B4B}.Release|Any CPU.ActiveCfg = Release|Any CPU
		{46714FDB-CCEA-4291-9CEC-CF6321B84B4B}.Release|Any CPU.Build.0 = Release|Any CPU
		{46714FDB-CCEA-4291-9CEC-CF6321B84B4B}.Release|x64.ActiveCfg = Release|Any CPU
		{46714FDB-CCEA-4291-9CEC-CF6321B84B4B}.Release|x64.Build.0 = Release|Any CPU
		{46714FDB-CCEA-4291-9CEC-CF6321B84B4B}.Release|x86.ActiveCfg = Release|Any CPU
		{46714FDB-CCEA-4291-9CEC-CF6321B84B4B}.Release|x86.Build.0 = Release|Any CPU
		{C10A409E-CD3D-41ED-886D-957C2E784EDB}.Debug|Any CPU.ActiveCfg = Debug|Any CPU
		{C10A409E-CD3D-41ED-886D-957C2E784EDB}.Debug|Any CPU.Build.0 = Debug|Any CPU
		{C10A409E-CD3D-41ED-886D-957C2E784EDB}.Debug|x64.ActiveCfg = Debug|Any CPU
		{C10A409E-CD3D-41ED-886D-957C2E784EDB}.Debug|x64.Build.0 = Debug|Any CPU
		{C10A409E-CD3D-41ED-886D-957C2E784EDB}.Debug|x86.ActiveCfg = Debug|Any CPU
		{C10A409E-CD3D-41ED-886D-957C2E784EDB}.Debug|x86.Build.0 = Debug|Any CPU
		{C10A409E-CD3D-41ED-886D-957C2E784EDB}.Release|Any CPU.ActiveCfg = Release|Any CPU
		{C10A409E-CD3D-41ED-886D-957C2E784EDB}.Release|Any CPU.Build.0 = Release|Any CPU
		{C10A409E-CD3D-41ED-886D-957C2E784EDB}.Release|x64.ActiveCfg = Release|Any CPU
		{C10A409E-CD3D-41ED-886D-957C2E784EDB}.Release|x64.Build.0 = Release|Any CPU
		{C10A409E-CD3D-41ED-886D-957C2E784EDB}.Release|x86.ActiveCfg = Release|Any CPU
		{C10A409E-CD3D-41ED-886D-957C2E784EDB}.Release|x86.Build.0 = Release|Any CPU
	EndGlobalSection
	GlobalSection(SolutionProperties) = preSolution
		HideSolutionNode = FALSE
	EndGlobalSection
	GlobalSection(ExtensibilityGlobals) = postSolution
		SolutionGuid = {CB4250A6-FA45-41F0-8503-069E7AC6A543}
	EndGlobalSection
EndGlobal
